// !$*UTF8*$!
{
	archiveVersion = 1;
	classes = {
	};
	objectVersion = 50;
	objects = {

/* Begin PBXBuildFile section */
		187E9FD822AF7AFB0049C7C6 /* AppDelegate.swift in Sources */ = {isa = PBXBuildFile; fileRef = 187E9FD722AF7AFB0049C7C6 /* AppDelegate.swift */; };
		187E9FDA22AF7AFB0049C7C6 /* ViewController.swift in Sources */ = {isa = PBXBuildFile; fileRef = 187E9FD922AF7AFB0049C7C6 /* ViewController.swift */; };
		187E9FDD22AF7AFB0049C7C6 /* Main.storyboard in Resources */ = {isa = PBXBuildFile; fileRef = 187E9FDB22AF7AFB0049C7C6 /* Main.storyboard */; };
		187E9FDF22AF7B0A0049C7C6 /* Assets.xcassets in Resources */ = {isa = PBXBuildFile; fileRef = 187E9FDE22AF7B0A0049C7C6 /* Assets.xcassets */; };
		187E9FE222AF7B0A0049C7C6 /* LaunchScreen.storyboard in Resources */ = {isa = PBXBuildFile; fileRef = 187E9FE022AF7B0A0049C7C6 /* LaunchScreen.storyboard */; };
		187E9FEB22AF80AA0049C7C6 /* FlightResultVC.swift in Sources */ = {isa = PBXBuildFile; fileRef = 187E9FEA22AF80AA0049C7C6 /* FlightResultVC.swift */; };
		187E9FED22AF82110049C7C6 /* HotelResultVC.swift in Sources */ = {isa = PBXBuildFile; fileRef = 187E9FEC22AF82110049C7C6 /* HotelResultVC.swift */; };
		2EFA2B1322AF8B3300D9B9CE /* FlightDetailVC.swift in Sources */ = {isa = PBXBuildFile; fileRef = 2EFA2B1222AF8B3300D9B9CE /* FlightDetailVC.swift */; };
/* End PBXBuildFile section */

/* Begin PBXFileReference section */
		187E9FD422AF7AFB0049C7C6 /* GITHubTest2.app */ = {isa = PBXFileReference; explicitFileType = wrapper.application; includeInIndex = 0; path = GITHubTest2.app; sourceTree = BUILT_PRODUCTS_DIR; };
		187E9FD722AF7AFB0049C7C6 /* AppDelegate.swift */ = {isa = PBXFileReference; lastKnownFileType = sourcecode.swift; path = AppDelegate.swift; sourceTree = "<group>"; };
		187E9FD922AF7AFB0049C7C6 /* ViewController.swift */ = {isa = PBXFileReference; lastKnownFileType = sourcecode.swift; path = ViewController.swift; sourceTree = "<group>"; };
		187E9FDC22AF7AFB0049C7C6 /* Base */ = {isa = PBXFileReference; lastKnownFileType = file.storyboard; name = Base; path = Base.lproj/Main.storyboard; sourceTree = "<group>"; };
		187E9FDE22AF7B0A0049C7C6 /* Assets.xcassets */ = {isa = PBXFileReference; lastKnownFileType = folder.assetcatalog; path = Assets.xcassets; sourceTree = "<group>"; };
		187E9FE122AF7B0A0049C7C6 /* Base */ = {isa = PBXFileReference; lastKnownFileType = file.storyboard; name = Base; path = Base.lproj/LaunchScreen.storyboard; sourceTree = "<group>"; };
		187E9FE322AF7B0A0049C7C6 /* Info.plist */ = {isa = PBXFileReference; lastKnownFileType = text.plist.xml; path = Info.plist; sourceTree = "<group>"; };
		187E9FEA22AF80AA0049C7C6 /* FlightResultVC.swift */ = {isa = PBXFileReference; lastKnownFileType = sourcecode.swift; path = FlightResultVC.swift; sourceTree = "<group>"; };
		187E9FEC22AF82110049C7C6 /* HotelResultVC.swift */ = {isa = PBXFileReference; lastKnownFileType = sourcecode.swift; path = HotelResultVC.swift; sourceTree = "<group>"; };
		2EFA2B1222AF8B3300D9B9CE /* FlightDetailVC.swift */ = {isa = PBXFileReference; lastKnownFileType = sourcecode.swift; path = FlightDetailVC.swift; sourceTree = "<group>"; };
/* End PBXFileReference section */

/* Begin PBXFrameworksBuildPhase section */
		187E9FD122AF7AFB0049C7C6 /* Frameworks */ = {
			isa = PBXFrameworksBuildPhase;
			buildActionMask = 2147483647;
			files = (
			);
			runOnlyForDeploymentPostprocessing = 0;
		};
/* End PBXFrameworksBuildPhase section */

/* Begin PBXGroup section */
		187E9FCB22AF7AFB0049C7C6 = {
			isa = PBXGroup;
			children = (
				187E9FD622AF7AFB0049C7C6 /* GITHubTest2 */,
				187E9FD522AF7AFB0049C7C6 /* Products */,
			);
			sourceTree = "<group>";
		};
		187E9FD522AF7AFB0049C7C6 /* Products */ = {
			isa = PBXGroup;
			children = (
				187E9FD422AF7AFB0049C7C6 /* GITHubTest2.app */,
			);
			name = Products;
			sourceTree = "<group>";
		};
		187E9FD622AF7AFB0049C7C6 /* GITHubTest2 */ = {
			isa = PBXGroup;
			children = (
				187E9FE922AF7FC70049C7C6 /* Controllers */,
				187E9FD722AF7AFB0049C7C6 /* AppDelegate.swift */,
				187E9FD922AF7AFB0049C7C6 /* ViewController.swift */,
				187E9FDB22AF7AFB0049C7C6 /* Main.storyboard */,
				187E9FDE22AF7B0A0049C7C6 /* Assets.xcassets */,
				187E9FE022AF7B0A0049C7C6 /* LaunchScreen.storyboard */,
				187E9FE322AF7B0A0049C7C6 /* Info.plist */,
			);
			path = GITHubTest2;
			sourceTree = "<group>";
		};
		187E9FE922AF7FC70049C7C6 /* Controllers */ = {
			isa = PBXGroup;
			children = (
				187E9FEA22AF80AA0049C7C6 /* FlightResultVC.swift */,
				187E9FEC22AF82110049C7C6 /* HotelResultVC.swift */,
				2EFA2B1222AF8B3300D9B9CE /* FlightDetailVC.swift */,
			);
			path = Controllers;
			sourceTree = "<group>";
		};
/* End PBXGroup section */

/* Begin PBXNativeTarget section */
		187E9FD322AF7AFB0049C7C6 /* GITHubTest2 */ = {
			isa = PBXNativeTarget;
			buildConfigurationList = 187E9FE622AF7B0A0049C7C6 /* Build configuration list for PBXNativeTarget "GITHubTest2" */;
			buildPhases = (
				187E9FD022AF7AFB0049C7C6 /* Sources */,
				187E9FD122AF7AFB0049C7C6 /* Frameworks */,
				187E9FD222AF7AFB0049C7C6 /* Resources */,
			);
			buildRules = (
			);
			dependencies = (
			);
			name = GITHubTest2;
			productName = GITHubTest2;
			productReference = 187E9FD422AF7AFB0049C7C6 /* GITHubTest2.app */;
			productType = "com.apple.product-type.application";
		};
/* End PBXNativeTarget section */

/* Begin PBXProject section */
		187E9FCC22AF7AFB0049C7C6 /* Project object */ = {
			isa = PBXProject;
			attributes = {
				LastSwiftUpdateCheck = 1010;
				LastUpgradeCheck = 1010;
				ORGANIZATIONNAME = APPLE;
				TargetAttributes = {
					187E9FD322AF7AFB0049C7C6 = {
						CreatedOnToolsVersion = 10.1;
					};
				};
			};
			buildConfigurationList = 187E9FCF22AF7AFB0049C7C6 /* Build configuration list for PBXProject "GITHubTest2" */;
			compatibilityVersion = "Xcode 9.3";
			developmentRegion = en;
			hasScannedForEncodings = 0;
			knownRegions = (
				en,
				Base,
			);
			mainGroup = 187E9FCB22AF7AFB0049C7C6;
			productRefGroup = 187E9FD522AF7AFB0049C7C6 /* Products */;
			projectDirPath = "";
			projectRoot = "";
			targets = (
				187E9FD322AF7AFB0049C7C6 /* GITHubTest2 */,
			);
		};
/* End PBXProject section */

/* Begin PBXResourcesBuildPhase section */
		187E9FD222AF7AFB0049C7C6 /* Resources */ = {
			isa = PBXResourcesBuildPhase;
			buildActionMask = 2147483647;
			files = (
				187E9FE222AF7B0A0049C7C6 /* LaunchScreen.storyboard in Resources */,
				187E9FDF22AF7B0A0049C7C6 /* Assets.xcassets in Resources */,
				187E9FDD22AF7AFB0049C7C6 /* Main.storyboard in Resources */,
			);
			runOnlyForDeploymentPostprocessing = 0;
		};
/* End PBXResourcesBuildPhase section */

/* Begin PBXSourcesBuildPhase section */
		187E9FD022AF7AFB0049C7C6 /* Sources */ = {
			isa = PBXSourcesBuildPhase;
			buildActionMask = 2147483647;
			files = (
				187E9FDA22AF7AFB0049C7C6 /* ViewController.swift in Sources */,
				187E9FD822AF7AFB0049C7C6 /* AppDelegate.swift in Sources */,
				187E9FED22AF82110049C7C6 /* HotelResultVC.swift in Sources */,
				2EFA2B1322AF8B3300D9B9CE /* FlightDetailVC.swift in Sources */,
				187E9FEB22AF80AA0049C7C6 /* FlightResultVC.swift in Sources */,
			);
			runOnlyForDeploymentPostprocessing = 0;
		};
/* End PBXSourcesBuildPhase section */

/* Begin PBXVariantGroup section */
		187E9FDB22AF7AFB0049C7C6 /* Main.storyboard */ = {
			isa = PBXVariantGroup;
			children = (
				187E9FDC22AF7AFB0049C7C6 /* Base */,
			);
			name = Main.storyboard;
			sourceTree = "<group>";
		};
		187E9FE022AF7B0A0049C7C6 /* LaunchScreen.storyboard */ = {
			isa = PBXVariantGroup;
			children = (
				187E9FE122AF7B0A0049C7C6 /* Base */,
			);
			name = LaunchScreen.storyboard;
			sourceTree = "<group>";
		};
/* End PBXVariantGroup section */

/* Begin XCBuildConfiguration section */
		187E9FE422AF7B0A0049C7C6 /* Debug */ = {
			isa = XCBuildConfiguration;
			buildSettings = {
				ALWAYS_SEARCH_USER_PATHS = NO;
				CLANG_ANALYZER_NONNULL = YES;
				CLANG_ANALYZER_NUMBER_OBJECT_CONVERSION = YES_AGGRESSIVE;
				CLANG_CXX_LANGUAGE_STANDARD = "gnu++14";
				CLANG_CXX_LIBRARY = "libc++";
				CLANG_ENABLE_MODULES = YES;
				CLANG_ENABLE_OBJC_ARC = YES;
				CLANG_ENABLE_OBJC_WEAK = YES;
				CLANG_WARN_BLOCK_CAPTURE_AUTORELEASING = YES;
				CLANG_WARN_BOOL_CONVERSION = YES;
				CLANG_WARN_COMMA = YES;
				CLANG_WARN_CONSTANT_CONVERSION = YES;
				CLANG_WARN_DEPRECATED_OBJC_IMPLEMENTATIONS = YES;
				CLANG_WARN_DIRECT_OBJC_ISA_USAGE = YES_ERROR;
				CLANG_WARN_DOCUMENTATION_COMMENTS = YES;
				CLANG_WARN_EMPTY_BODY = YES;
				CLANG_WARN_ENUM_CONVERSION = YES;
				CLANG_WARN_INFINITE_RECURSION = YES;
				CLANG_WARN_INT_CONVERSION = YES;
				CLANG_WARN_NON_LITERAL_NULL_CONVERSION = YES;
				CLANG_WARN_OBJC_IMPLICIT_RETAIN_SELF = YES;
				CLANG_WARN_OBJC_LITERAL_CONVERSION = YES;
				CLANG_WARN_OBJC_ROOT_CLASS = YES_ERROR;
				CLANG_WARN_RANGE_LOOP_ANALYSIS = YES;
				CLANG_WARN_STRICT_PROTOTYPES = YES;
				CLANG_WARN_SUSPICIOUS_MOVE = YES;
				CLANG_WARN_UNGUARDED_AVAILABILITY = YES_AGGRESSIVE;
				CLANG_WARN_UNREACHABLE_CODE = YES;
				CLANG_WARN__DUPLICATE_METHOD_MATCH = YES;
				CODE_SIGN_IDENTITY = "iPhone Developer";
				COPY_PHASE_STRIP = NO;
				DEBUG_INFORMATION_FORMAT = dwarf;
				ENABLE_STRICT_OBJC_MSGSEND = YES;
				ENABLE_TESTABILITY = YES;
				GCC_C_LANGUAGE_STANDARD = gnu11;
				GCC_DYNAMIC_NO_PIC = NO;
				GCC_NO_COMMON_BLOCKS = YES;
				GCC_OPTIMIZATION_LEVEL = 0;
				GCC_PREPROCESSOR_DEFINITIONS = (
					"DEBUG=1",
					"$(inherited)",
				);
				GCC_WARN_64_TO_32_BIT_CONVERSION = YES;
				GCC_WARN_ABOUT_RETURN_TYPE = YES_ERROR;
				GCC_WARN_UNDECLARED_SELECTOR = YES;
				GCC_WARN_UNINITIALIZED_AUTOS = YES_AGGRESSIVE;
				GCC_WARN_UNUSED_FUNCTION = YES;
				GCC_WARN_UNUSED_VARIABLE = YES;
				IPHONEOS_DEPLOYMENT_TARGET = 9.0;
				MTL_ENABLE_DEBUG_INFO = INCLUDE_SOURCE;
				MTL_FAST_MATH = YES;
				ONLY_ACTIVE_ARCH = YES;
				SDKROOT = iphoneos;
				SWIFT_ACTIVE_COMPILATION_CONDITIONS = DEBUG;
				SWIFT_OPTIMIZATION_LEVEL = "-Onone";
			};
			name = Debug;
		};
		187E9FE522AF7B0A0049C7C6 /* Release */ = {
			isa = XCBuildConfiguration;
			buildSettings = {
				ALWAYS_SEARCH_USER_PATHS = NO;
				CLANG_ANALYZER_NONNULL = YES;
				CLANG_ANALYZER_NUMBER_OBJECT_CONVERSION = YES_AGGRESSIVE;
				CLANG_CXX_LANGUAGE_STANDARD = "gnu++14";
				CLANG_CXX_LIBRARY = "libc++";
				CLANG_ENABLE_MODULES = YES;
				CLANG_ENABLE_OBJC_ARC = YES;
				CLANG_ENABLE_OBJC_WEAK = YES;
				CLANG_WARN_BLOCK_CAPTURE_AUTORELEASING = YES;
				CLANG_WARN_BOOL_CONVERSION = YES;
				CLANG_WARN_COMMA = YES;
				CLANG_WARN_CONSTANT_CONVERSION = YES;
				CLANG_WARN_DEPRECATED_OBJC_IMPLEMENTATIONS = YES;
				CLANG_WARN_DIRECT_OBJC_ISA_USAGE = YES_ERROR;
				CLANG_WARN_DOCUMENTATION_COMMENTS = YES;
				CLANG_WARN_EMPTY_BODY = YES;
				CLANG_WARN_ENUM_CONVERSION = YES;
				CLANG_WARN_INFINITE_RECURSION = YES;
				CLANG_WARN_INT_CONVERSION = YES;
				CLANG_WARN_NON_LITERAL_NULL_CONVERSION = YES;
				CLANG_WARN_OBJC_IMPLICIT_RETAIN_SELF = YES;
				CLANG_WARN_OBJC_LITERAL_CONVERSION = YES;
				CLANG_WARN_OBJC_ROOT_CLASS = YES_ERROR;
				CLANG_WARN_RANGE_LOOP_ANALYSIS = YES;
				CLANG_WARN_STRICT_PROTOTYPES = YES;
				CLANG_WARN_SUSPICIOUS_MOVE = YES;
				CLANG_WARN_UNGUARDED_AVAILABILITY = YES_AGGRESSIVE;
				CLANG_WARN_UNREACHABLE_CODE = YES;
				CLANG_WARN__DUPLICATE_METHOD_MATCH = YES;
				CODE_SIGN_IDENTITY = "iPhone Developer";
				COPY_PHASE_STRIP = NO;
				DEBUG_INFORMATION_FORMAT = "dwarf-with-dsym";
				ENABLE_NS_ASSERTIONS = NO;
				ENABLE_STRICT_OBJC_MSGSEND = YES;
				GCC_C_LANGUAGE_STANDARD = gnu11;
				GCC_NO_COMMON_BLOCKS = YES;
				GCC_WARN_64_TO_32_BIT_CONVERSION = YES;
				GCC_WARN_ABOUT_RETURN_TYPE = YES_ERROR;
				GCC_WARN_UNDECLARED_SELECTOR = YES;
				GCC_WARN_UNINITIALIZED_AUTOS = YES_AGGRESSIVE;
				GCC_WARN_UNUSED_FUNCTION = YES;
				GCC_WARN_UNUSED_VARIABLE = YES;
				IPHONEOS_DEPLOYMENT_TARGET = 9.0;
				MTL_ENABLE_DEBUG_INFO = NO;
				MTL_FAST_MATH = YES;
				SDKROOT = iphoneos;
				SWIFT_COMPILATION_MODE = wholemodule;
				SWIFT_OPTIMIZATION_LEVEL = "-O";
				VALIDATE_PRODUCT = YES;
			};
			name = Release;
		};
		187E9FE722AF7B0A0049C7C6 /* Debug */ = {
			isa = XCBuildConfiguration;
			buildSettings = {
				ASSETCATALOG_COMPILER_APPICON_NAME = AppIcon;
				CODE_SIGN_STYLE = Automatic;
				DEVELOPMENT_TEAM = GEZQH6J3J2;
				INFOPLIST_FILE = GITHubTest2/Info.plist;
				IPHONEOS_DEPLOYMENT_TARGET = 9.0;
				LD_RUNPATH_SEARCH_PATHS = (
					"$(inherited)",
					"@executable_path/Frameworks",
				);
				PRODUCT_BUNDLE_IDENTIFIER = com.pt.GITHubTest2;
				PRODUCT_NAME = "$(TARGET_NAME)";
				SWIFT_VERSION = 4.2;
				TARGETED_DEVICE_FAMILY = 1;
			};
			name = Debug;
		};
		187E9FE822AF7B0A0049C7C6 /* Release */ = {
			isa = XCBuildConfiguration;
			buildSettings = {
				ASSETCATALOG_COMPILER_APPICON_NAME = AppIcon;
				CODE_SIGN_STYLE = Automatic;
				DEVELOPMENT_TEAM = GEZQH6J3J2;
				INFOPLIST_FILE = GITHubTest2/Info.plist;
				IPHONEOS_DEPLOYMENT_TARGET = 9.0;
				LD_RUNPATH_SEARCH_PATHS = (
					"$(inherited)",
					"@executable_path/Frameworks",
				);
				PRODUCT_BUNDLE_IDENTIFIER = com.pt.GITHubTest2;
				PRODUCT_NAME = "$(TARGET_NAME)";
				SWIFT_VERSION = 4.2;
				TARGETED_DEVICE_FAMILY = 1;
			};
			name = Release;
		};
/* End XCBuildConfiguration section */

/* Begin XCConfigurationList section */
		187E9FCF22AF7AFB0049C7C6 /* Build configuration list for PBXProject "GITHubTest2" */ = {
			isa = XCConfigurationList;
			buildConfigurations = (
				187E9FE422AF7B0A0049C7C6 /* Debug */,
				187E9FE522AF7B0A0049C7C6 /* Release */,
			);
			defaultConfigurationIsVisible = 0;
			defaultConfigurationName = Release;
		};
		187E9FE622AF7B0A0049C7C6 /* Build configuration list for PBXNativeTarget "GITHubTest2" */ = {
			isa = XCConfigurationList;
			buildConfigurations = (
				187E9FE722AF7B0A0049C7C6 /* Debug */,
				187E9FE822AF7B0A0049C7C6 /* Release */,
			);
			defaultConfigurationIsVisible = 0;
			defaultConfigurationName = Release;
		};
/* End XCConfigurationList section */
	};
	rootObject = 187E9FCC22AF7AFB0049C7C6 /* Project object */;
}
